
Microsoft Visual Studio Solution File, Format Version 12.00
# Visual Studio 15
VisualStudioVersion = 15.0.28307.106
MinimumVisualStudioVersion = 10.0.40219.1
Project("{2150E333-8FDC-42A3-9474-1A3956D46DE8}") = "src", "src", "{A7E4C03F-61B0-408C-953F-76E3E58DCB81}"
EndProject
Project("{2150E333-8FDC-42A3-9474-1A3956D46DE8}") = "Services", "Services", "{FB92AF02-303C-4EDC-BFC6-5E1C6A6C40F8}"
EndProject
Project("{2150E333-8FDC-42A3-9474-1A3956D46DE8}") = "Web", "Web", "{CA49ADF1-DBA7-4964-91E4-1E399F50202C}"
EndProject
Project("{9A19103F-16F7-4668-BE54-9A1E7A4F7556}") = "ProductCatalogApi", "src\Services\ProductCatalogApi\ProductCatalogApi.csproj", "{87E2B03C-243F-4B83-A111-70A3B7621BE3}"
EndProject
Project("{9A19103F-16F7-4668-BE54-9A1E7A4F7556}") = "FrontFacingClientApp", "src\Web\FrontFacingClientApp\FrontFacingClientApp.csproj", "{1C95DC83-3CA3-47A9-88BC-F13E3B992022}"
EndProject
Project("{2150E333-8FDC-42A3-9474-1A3956D46DE8}") = "Solution Items", "Solution Items", "{8CDB0F33-7369-4515-AAA3-293EE386F9D9}"
	ProjectSection(SolutionItems) = preProject
		docker-compose.yml = docker-compose.yml
	EndProjectSection
EndProject
Project("{FAE04EC0-301F-11D3-BF4B-00C04F79EFBC}") = "TokenServiceApi", "src\Services\TokenServiceApi\TokenServiceApi.csproj", "{D77549DD-EE97-4261-86B0-662F1E92DF88}"
EndProject
Project("{FAE04EC0-301F-11D3-BF4B-00C04F79EFBC}") = "TokenServiceApiApp", "src\Service\TokenServiceApiApp\TokenServiceApiApp.csproj", "{640B39A3-3C9D-4123-992C-2F28F9011CCE}"
EndProject
Global
	GlobalSection(SolutionConfigurationPlatforms) = preSolution
		Debug|Any CPU = Debug|Any CPU
		Release|Any CPU = Release|Any CPU
	EndGlobalSection
	GlobalSection(ProjectConfigurationPlatforms) = postSolution
		{87E2B03C-243F-4B83-A111-70A3B7621BE3}.Debug|Any CPU.ActiveCfg = Debug|Any CPU
		{87E2B03C-243F-4B83-A111-70A3B7621BE3}.Debug|Any CPU.Build.0 = Debug|Any CPU
		{87E2B03C-243F-4B83-A111-70A3B7621BE3}.Release|Any CPU.ActiveCfg = Release|Any CPU
		{87E2B03C-243F-4B83-A111-70A3B7621BE3}.Release|Any CPU.Build.0 = Release|Any CPU
		{1C95DC83-3CA3-47A9-88BC-F13E3B992022}.Debug|Any CPU.ActiveCfg = Debug|Any CPU
		{1C95DC83-3CA3-47A9-88BC-F13E3B992022}.Debug|Any CPU.Build.0 = Debug|Any CPU
		{1C95DC83-3CA3-47A9-88BC-F13E3B992022}.Release|Any CPU.ActiveCfg = Release|Any CPU
		{1C95DC83-3CA3-47A9-88BC-F13E3B992022}.Release|Any CPU.Build.0 = Release|Any CPU
		{D77549DD-EE97-4261-86B0-662F1E92DF88}.Debug|Any CPU.ActiveCfg = Debug|Any CPU
		{D77549DD-EE97-4261-86B0-662F1E92DF88}.Debug|Any CPU.Build.0 = Debug|Any CPU
		{D77549DD-EE97-4261-86B0-662F1E92DF88}.Release|Any CPU.ActiveCfg = Release|Any CPU
		{D77549DD-EE97-4261-86B0-662F1E92DF88}.Release|Any CPU.Build.0 = Release|Any CPU
		{640B39A3-3C9D-4123-992C-2F28F9011CCE}.Debug|Any CPU.ActiveCfg = Debug|Any CPU
		{640B39A3-3C9D-4123-992C-2F28F9011CCE}.Debug|Any CPU.Build.0 = Debug|Any CPU
		{640B39A3-3C9D-4123-992C-2F28F9011CCE}.Release|Any CPU.ActiveCfg = Release|Any CPU
		{640B39A3-3C9D-4123-992C-2F28F9011CCE}.Release|Any CPU.Build.0 = Release|Any CPU
	EndGlobalSection
	GlobalSection(SolutionProperties) = preSolution
		HideSolutionNode = FALSE
	EndGlobalSection
	GlobalSection(NestedProjects) = preSolution
		{FB92AF02-303C-4EDC-BFC6-5E1C6A6C40F8} = {A7E4C03F-61B0-408C-953F-76E3E58DCB81}
		{CA49ADF1-DBA7-4964-91E4-1E399F50202C} = {A7E4C03F-61B0-408C-953F-76E3E58DCB81}
		{87E2B03C-243F-4B83-A111-70A3B7621BE3} = {FB92AF02-303C-4EDC-BFC6-5E1C6A6C40F8}
		{1C95DC83-3CA3-47A9-88BC-F13E3B992022} = {CA49ADF1-DBA7-4964-91E4-1E399F50202C}
		{D77549DD-EE97-4261-86B0-662F1E92DF88} = {FB92AF02-303C-4EDC-BFC6-5E1C6A6C40F8}
		{640B39A3-3C9D-4123-992C-2F28F9011CCE} = {FB92AF02-303C-4EDC-BFC6-5E1C6A6C40F8}
	EndGlobalSection
	GlobalSection(ExtensibilityGlobals) = postSolution
		SolutionGuid = {7BC3AC0A-DB35-46F6-AC3D-F896E646CBD9}
	EndGlobalSection
EndGlobal
